
Microsoft Visual Studio Solution File, Format Version 12.00
# Visual Studio Version 17
VisualStudioVersion = 17.11.35327.3
MinimumVisualStudioVersion = 10.0.40219.1
Project("{FAE04EC0-301F-11D3-BF4B-00C04F79EFBC}") = "ClienteApi", "ClienteApi\ClienteApi.csproj", "{C3C34672-B9ED-479C-BD6B-BEBDEBD4B1C5}"
EndProject
Project("{FAE04EC0-301F-11D3-BF4B-00C04F79EFBC}") = "PedidoApi", "PedidoApi\PedidoApi.csproj", "{3963A353-69F4-40AE-BBA1-41EFAC808FC5}"
EndProject
Global
	GlobalSection(SolutionConfigurationPlatforms) = preSolution
		Debug|Any CPU = Debug|Any CPU
		Release|Any CPU = Release|Any CPU
	EndGlobalSection
	GlobalSection(ProjectConfigurationPlatforms) = postSolution
		{C3C34672-B9ED-479C-BD6B-BEBDEBD4B1C5}.Debug|Any CPU.ActiveCfg = Debug|Any CPU
		{C3C34672-B9ED-479C-BD6B-BEBDEBD4B1C5}.Debug|Any CPU.Build.0 = Debug|Any CPU
		{C3C34672-B9ED-479C-BD6B-BEBDEBD4B1C5}.Release|Any CPU.ActiveCfg = Release|Any CPU
		{C3C34672-B9ED-479C-BD6B-BEBDEBD4B1C5}.Release|Any CPU.Build.0 = Release|Any CPU
		{3963A353-69F4-40AE-BBA1-41EFAC808FC5}.Debug|Any CPU.ActiveCfg = Debug|Any CPU
		{3963A353-69F4-40AE-BBA1-41EFAC808FC5}.Debug|Any CPU.Build.0 = Debug|Any CPU
		{3963A353-69F4-40AE-BBA1-41EFAC808FC5}.Release|Any CPU.ActiveCfg = Release|Any CPU
		{3963A353-69F4-40AE-BBA1-41EFAC808FC5}.Release|Any CPU.Build.0 = Release|Any CPU
	EndGlobalSection
	GlobalSection(SolutionProperties) = preSolution
		HideSolutionNode = FALSE
	EndGlobalSection
	GlobalSection(ExtensibilityGlobals) = postSolution
		SolutionGuid = {F6EA735D-73B1-4FAF-B224-A5ADC8129CE8}
	EndGlobalSection
EndGlobal
